// !$*UTF8*$!
{
	archiveVersion = 1;
	classes = {
	};
	objectVersion = 77;
	objects = {

/* Begin PBXBuildFile section */
		39DB97322DC4245E00C4B187 /* FirebaseAuth in Frameworks */ = {isa = PBXBuildFile; productRef = 39DB97312DC4245E00C4B187 /* FirebaseAuth */; };
		39DB97342DC4245E00C4B187 /* FirebaseFirestore in Frameworks */ = {isa = PBXBuildFile; productRef = 39DB97332DC4245E00C4B187 /* FirebaseFirestore */; };
		39DB97362DC4245E00C4B187 /* FirebaseStorage in Frameworks */ = {isa = PBXBuildFile; productRef = 39DB97352DC4245E00C4B187 /* FirebaseStorage */; };
/* End PBXBuildFile section */

/* Begin PBXContainerItemProxy section */
		390C87FE2DB307BC00FF152F /* PBXContainerItemProxy */ = {
			isa = PBXContainerItemProxy;
			containerPortal = 390C87E52DB307BB00FF152F /* Project object */;
			proxyType = 1;
			remoteGlobalIDString = 390C87EC2DB307BB00FF152F;
			remoteInfo = "digital-stethoscope";
		};
		390C88082DB307BC00FF152F /* PBXContainerItemProxy */ = {
			isa = PBXContainerItemProxy;
			containerPortal = 390C87E52DB307BB00FF152F /* Project object */;
			proxyType = 1;
			remoteGlobalIDString = 390C87EC2DB307BB00FF152F;
			remoteInfo = "digital-stethoscope";
		};
/* End PBXContainerItemProxy section */

/* Begin PBXFileReference section */
		390C87ED2DB307BB00FF152F /* digital-stethoscope.app */ = {isa = PBXFileReference; explicitFileType = wrapper.application; includeInIndex = 0; path = "digital-stethoscope.app"; sourceTree = BUILT_PRODUCTS_DIR; };
		390C87FD2DB307BC00FF152F /* digital-stethoscopeTests.xctest */ = {isa = PBXFileReference; explicitFileType = wrapper.cfbundle; includeInIndex = 0; path = "digital-stethoscopeTests.xctest"; sourceTree = BUILT_PRODUCTS_DIR; };
		390C88072DB307BC00FF152F /* digital-stethoscopeUITests.xctest */ = {isa = PBXFileReference; explicitFileType = wrapper.cfbundle; includeInIndex = 0; path = "digital-stethoscopeUITests.xctest"; sourceTree = BUILT_PRODUCTS_DIR; };
/* End PBXFileReference section */

/* Begin PBXFileSystemSynchronizedRootGroup section */
		390C87EF2DB307BB00FF152F /* digital-stethoscope */ = {
			isa = PBXFileSystemSynchronizedRootGroup;
			path = "digital-stethoscope";
			sourceTree = "<group>";
		};
		390C88002DB307BC00FF152F /* digital-stethoscopeTests */ = {
			isa = PBXFileSystemSynchronizedRootGroup;
			path = "digital-stethoscopeTests";
			sourceTree = "<group>";
		};
		390C880A2DB307BC00FF152F /* digital-stethoscopeUITests */ = {
			isa = PBXFileSystemSynchronizedRootGroup;
			path = "digital-stethoscopeUITests";
			sourceTree = "<group>";
		};
/* End PBXFileSystemSynchronizedRootGroup section */

/* Begin PBXFrameworksBuildPhase section */
		390C87EA2DB307BB00FF152F /* Frameworks */ = {
			isa = PBXFrameworksBuildPhase;
			buildActionMask = 2147483647;
			files = (
				39DB97322DC4245E00C4B187 /* FirebaseAuth in Frameworks */,
				39DB97342DC4245E00C4B187 /* FirebaseFirestore in Frameworks */,
				39DB97362DC4245E00C4B187 /* FirebaseStorage in Frameworks */,
			);
			runOnlyForDeploymentPostprocessing = 0;
		};
		390C87FA2DB307BC00FF152F /* Frameworks */ = {
			isa = PBXFrameworksBuildPhase;
			buildActionMask = 2147483647;
			files = (
			);
			runOnlyForDeploymentPostprocessing = 0;
		};
		390C88042DB307BC00FF152F /* Frameworks */ = {
			isa = PBXFrameworksBuildPhase;
			buildActionMask = 2147483647;
			files = (
			);
			runOnlyForDeploymentPostprocessing = 0;
		};
/* End PBXFrameworksBuildPhase section */

/* Begin PBXGroup section */
		390C87E42DB307BB00FF152F = {
			isa = PBXGroup;
			children = (
				390C87EF2DB307BB00FF152F /* digital-stethoscope */,
				390C88002DB307BC00FF152F /* digital-stethoscopeTests */,
				390C880A2DB307BC00FF152F /* digital-stethoscopeUITests */,
				390C87EE2DB307BB00FF152F /* Products */,
			);
			sourceTree = "<group>";
		};
		390C87EE2DB307BB00FF152F /* Products */ = {
			isa = PBXGroup;
			children = (
				390C87ED2DB307BB00FF152F /* digital-stethoscope.app */,
				390C87FD2DB307BC00FF152F /* digital-stethoscopeTests.xctest */,
				390C88072DB307BC00FF152F /* digital-stethoscopeUITests.xctest */,
			);
			name = Products;
			sourceTree = "<group>";
		};
/* End PBXGroup section */

/* Begin PBXNativeTarget section */
		390C87EC2DB307BB00FF152F /* digital-stethoscope */ = {
			isa = PBXNativeTarget;
			buildConfigurationList = 390C88112DB307BC00FF152F /* Build configuration list for PBXNativeTarget "digital-stethoscope" */;
			buildPhases = (
				390C87E92DB307BB00FF152F /* Sources */,
				390C87EA2DB307BB00FF152F /* Frameworks */,
				390C87EB2DB307BB00FF152F /* Resources */,
			);
			buildRules = (
			);
			dependencies = (
			);
			fileSystemSynchronizedGroups = (
				390C87EF2DB307BB00FF152F /* digital-stethoscope */,
			);
			name = "digital-stethoscope";
			packageProductDependencies = (
				39DB97312DC4245E00C4B187 /* FirebaseAuth */,
				39DB97332DC4245E00C4B187 /* FirebaseFirestore */,
				39DB97352DC4245E00C4B187 /* FirebaseStorage */,
			);
			productName = "digital-stethoscope";
			productReference = 390C87ED2DB307BB00FF152F /* digital-stethoscope.app */;
			productType = "com.apple.product-type.application";
		};
		390C87FC2DB307BC00FF152F /* digital-stethoscopeTests */ = {
			isa = PBXNativeTarget;
			buildConfigurationList = 390C88142DB307BC00FF152F /* Build configuration list for PBXNativeTarget "digital-stethoscopeTests" */;
			buildPhases = (
				390C87F92DB307BC00FF152F /* Sources */,
				390C87FA2DB307BC00FF152F /* Frameworks */,
				390C87FB2DB307BC00FF152F /* Resources */,
			);
			buildRules = (
			);
			dependencies = (
				390C87FF2DB307BC00FF152F /* PBXTargetDependency */,
			);
			fileSystemSynchronizedGroups = (
				390C88002DB307BC00FF152F /* digital-stethoscopeTests */,
			);
			name = "digital-stethoscopeTests";
			packageProductDependencies = (
			);
			productName = "digital-stethoscopeTests";
			productReference = 390C87FD2DB307BC00FF152F /* digital-stethoscopeTests.xctest */;
			productType = "com.apple.product-type.bundle.unit-test";
		};
		390C88062DB307BC00FF152F /* digital-stethoscopeUITests */ = {
			isa = PBXNativeTarget;
			buildConfigurationList = 390C88172DB307BC00FF152F /* Build configuration list for PBXNativeTarget "digital-stethoscopeUITests" */;
			buildPhases = (
				390C88032DB307BC00FF152F /* Sources */,
				390C88042DB307BC00FF152F /* Frameworks */,
				390C88052DB307BC00FF152F /* Resources */,
			);
			buildRules = (
			);
			dependencies = (
				390C88092DB307BC00FF152F /* PBXTargetDependency */,
			);
			fileSystemSynchronizedGroups = (
				390C880A2DB307BC00FF152F /* digital-stethoscopeUITests */,
			);
			name = "digital-stethoscopeUITests";
			packageProductDependencies = (
			);
			productName = "digital-stethoscopeUITests";
			productReference = 390C88072DB307BC00FF152F /* digital-stethoscopeUITests.xctest */;
			productType = "com.apple.product-type.bundle.ui-testing";
		};
/* End PBXNativeTarget section */

/* Begin PBXProject section */
		390C87E52DB307BB00FF152F /* Project object */ = {
			isa = PBXProject;
			attributes = {
				BuildIndependentTargetsInParallel = 1;
				LastSwiftUpdateCheck = 1620;
				LastUpgradeCheck = 1620;
				TargetAttributes = {
					390C87EC2DB307BB00FF152F = {
						CreatedOnToolsVersion = 16.2;
					};
					390C87FC2DB307BC00FF152F = {
						CreatedOnToolsVersion = 16.2;
						TestTargetID = 390C87EC2DB307BB00FF152F;
					};
					390C88062DB307BC00FF152F = {
						CreatedOnToolsVersion = 16.2;
						TestTargetID = 390C87EC2DB307BB00FF152F;
					};
				};
			};
			buildConfigurationList = 390C87E82DB307BB00FF152F /* Build configuration list for PBXProject "digital-stethoscope" */;
			developmentRegion = en;
			hasScannedForEncodings = 0;
			knownRegions = (
				en,
				Base,
			);
			mainGroup = 390C87E42DB307BB00FF152F;
			minimizedProjectReferenceProxies = 1;
			packageReferences = (
				39DB97302DC4245E00C4B187 /* XCRemoteSwiftPackageReference "firebase-ios-sdk" */,
			);
			preferredProjectObjectVersion = 77;
			productRefGroup = 390C87EE2DB307BB00FF152F /* Products */;
			projectDirPath = "";
			projectRoot = "";
			targets = (
				390C87EC2DB307BB00FF152F /* digital-stethoscope */,
				390C87FC2DB307BC00FF152F /* digital-stethoscopeTests */,
				390C88062DB307BC00FF152F /* digital-stethoscopeUITests */,
			);
		};
/* End PBXProject section */

/* Begin PBXResourcesBuildPhase section */
		390C87EB2DB307BB00FF152F /* Resources */ = {
			isa = PBXResourcesBuildPhase;
			buildActionMask = 2147483647;
			files = (
			);
			runOnlyForDeploymentPostprocessing = 0;
		};
		390C87FB2DB307BC00FF152F /* Resources */ = {
			isa = PBXResourcesBuildPhase;
			buildActionMask = 2147483647;
			files = (
			);
			runOnlyForDeploymentPostprocessing = 0;
		};
		390C88052DB307BC00FF152F /* Resources */ = {
			isa = PBXResourcesBuildPhase;
			buildActionMask = 2147483647;
			files = (
			);
			runOnlyForDeploymentPostprocessing = 0;
		};
/* End PBXResourcesBuildPhase section */

/* Begin PBXSourcesBuildPhase section */
		390C87E92DB307BB00FF152F /* Sources */ = {
			isa = PBXSourcesBuildPhase;
			buildActionMask = 2147483647;
			files = (
			);
			runOnlyForDeploymentPostprocessing = 0;
		};
		390C87F92DB307BC00FF152F /* Sources */ = {
			isa = PBXSourcesBuildPhase;
			buildActionMask = 2147483647;
			files = (
			);
			runOnlyForDeploymentPostprocessing = 0;
		};
		390C88032DB307BC00FF152F /* Sources */ = {
			isa = PBXSourcesBuildPhase;
			buildActionMask = 2147483647;
			files = (
			);
			runOnlyForDeploymentPostprocessing = 0;
		};
/* End PBXSourcesBuildPhase section */

/* Begin PBXTargetDependency section */
		390C87FF2DB307BC00FF152F /* PBXTargetDependency */ = {
			isa = PBXTargetDependency;
			target = 390C87EC2DB307BB00FF152F /* digital-stethoscope */;
			targetProxy = 390C87FE2DB307BC00FF152F /* PBXContainerItemProxy */;
		};
		390C88092DB307BC00FF152F /* PBXTargetDependency */ = {
			isa = PBXTargetDependency;
			target = 390C87EC2DB307BB00FF152F /* digital-stethoscope */;
			targetProxy = 390C88082DB307BC00FF152F /* PBXContainerItemProxy */;
		};
/* End PBXTargetDependency section */

/* Begin XCBuildConfiguration section */
		390C880F2DB307BC00FF152F /* Debug */ = {
			isa = XCBuildConfiguration;
			buildSettings = {
				ALWAYS_SEARCH_USER_PATHS = NO;
				ASSETCATALOG_COMPILER_GENERATE_SWIFT_ASSET_SYMBOL_EXTENSIONS = YES;
				CLANG_ANALYZER_NONNULL = YES;
				CLANG_ANALYZER_NUMBER_OBJECT_CONVERSION = YES_AGGRESSIVE;
				CLANG_CXX_LANGUAGE_STANDARD = "gnu++20";
				CLANG_ENABLE_MODULES = YES;
				CLANG_ENABLE_OBJC_ARC = YES;
				CLANG_ENABLE_OBJC_WEAK = YES;
				CLANG_WARN_BLOCK_CAPTURE_AUTORELEASING = YES;
				CLANG_WARN_BOOL_CONVERSION = YES;
				CLANG_WARN_COMMA = YES;
				CLANG_WARN_CONSTANT_CONVERSION = YES;
				CLANG_WARN_DEPRECATED_OBJC_IMPLEMENTATIONS = YES;
				CLANG_WARN_DIRECT_OBJC_ISA_USAGE = YES_ERROR;
				CLANG_WARN_DOCUMENTATION_COMMENTS = YES;
				CLANG_WARN_EMPTY_BODY = YES;
				CLANG_WARN_ENUM_CONVERSION = YES;
				CLANG_WARN_INFINITE_RECURSION = YES;
				CLANG_WARN_INT_CONVERSION = YES;
				CLANG_WARN_NON_LITERAL_NULL_CONVERSION = YES;
				CLANG_WARN_OBJC_IMPLICIT_RETAIN_SELF = YES;
				CLANG_WARN_OBJC_LITERAL_CONVERSION = YES;
				CLANG_WARN_OBJC_ROOT_CLASS = YES_ERROR;
				CLANG_WARN_QUOTED_INCLUDE_IN_FRAMEWORK_HEADER = YES;
				CLANG_WARN_RANGE_LOOP_ANALYSIS = YES;
				CLANG_WARN_STRICT_PROTOTYPES = YES;
				CLANG_WARN_SUSPICIOUS_MOVE = YES;
				CLANG_WARN_UNGUARDED_AVAILABILITY = YES_AGGRESSIVE;
				CLANG_WARN_UNREACHABLE_CODE = YES;
				CLANG_WARN__DUPLICATE_METHOD_MATCH = YES;
				COPY_PHASE_STRIP = NO;
				CURRENT_PROJECT_VERSION = 1;
				DEBUG_INFORMATION_FORMAT = dwarf;
				ENABLE_STRICT_OBJC_MSGSEND = YES;
				ENABLE_TESTABILITY = YES;
				ENABLE_USER_SCRIPT_SANDBOXING = YES;
				GCC_C_LANGUAGE_STANDARD = gnu17;
				GCC_DYNAMIC_NO_PIC = NO;
				GCC_NO_COMMON_BLOCKS = YES;
				GCC_OPTIMIZATION_LEVEL = 0;
				GCC_PREPROCESSOR_DEFINITIONS = (
					"DEBUG=1",
					"$(inherited)",
				);
				GCC_WARN_64_TO_32_BIT_CONVERSION = YES;
				GCC_WARN_ABOUT_RETURN_TYPE = YES_ERROR;
				GCC_WARN_UNDECLARED_SELECTOR = YES;
				GCC_WARN_UNINITIALIZED_AUTOS = YES_AGGRESSIVE;
				GCC_WARN_UNUSED_FUNCTION = YES;
				GCC_WARN_UNUSED_VARIABLE = YES;
				IPHONEOS_DEPLOYMENT_TARGET = 18.2;
				LOCALIZATION_PREFERS_STRING_CATALOGS = YES;
				MTL_ENABLE_DEBUG_INFO = INCLUDE_SOURCE;
				MTL_FAST_MATH = YES;
				ONLY_ACTIVE_ARCH = YES;
				SDKROOT = iphoneos;
				SWIFT_ACTIVE_COMPILATION_CONDITIONS = "DEBUG $(inherited)";
				SWIFT_OPTIMIZATION_LEVEL = "-Onone";
			};
			name = Debug;
		};
		390C88102DB307BC00FF152F /* Release */ = {
			isa = XCBuildConfiguration;
			buildSettings = {
				ALWAYS_SEARCH_USER_PATHS = NO;
				ASSETCATALOG_COMPILER_GENERATE_SWIFT_ASSET_SYMBOL_EXTENSIONS = YES;
				CLANG_ANALYZER_NONNULL = YES;
				CLANG_ANALYZER_NUMBER_OBJECT_CONVERSION = YES_AGGRESSIVE;
				CLANG_CXX_LANGUAGE_STANDARD = "gnu++20";
				CLANG_ENABLE_MODULES = YES;
				CLANG_ENABLE_OBJC_ARC = YES;
				CLANG_ENABLE_OBJC_WEAK = YES;
				CLANG_WARN_BLOCK_CAPTURE_AUTORELEASING = YES;
				CLANG_WARN_BOOL_CONVERSION = YES;
				CLANG_WARN_COMMA = YES;
				CLANG_WARN_CONSTANT_CONVERSION = YES;
				CLANG_WARN_DEPRECATED_OBJC_IMPLEMENTATIONS = YES;
				CLANG_WARN_DIRECT_OBJC_ISA_USAGE = YES_ERROR;
				CLANG_WARN_DOCUMENTATION_COMMENTS = YES;
				CLANG_WARN_EMPTY_BODY = YES;
				CLANG_WARN_ENUM_CONVERSION = YES;
				CLANG_WARN_INFINITE_RECURSION = YES;
				CLANG_WARN_INT_CONVERSION = YES;
				CLANG_WARN_NON_LITERAL_NULL_CONVERSION = YES;
				CLANG_WARN_OBJC_IMPLICIT_RETAIN_SELF = YES;
				CLANG_WARN_OBJC_LITERAL_CONVERSION = YES;
				CLANG_WARN_OBJC_ROOT_CLASS = YES_ERROR;
				CLANG_WARN_QUOTED_INCLUDE_IN_FRAMEWORK_HEADER = YES;
				CLANG_WARN_RANGE_LOOP_ANALYSIS = YES;
				CLANG_WARN_STRICT_PROTOTYPES = YES;
				CLANG_WARN_SUSPICIOUS_MOVE = YES;
				CLANG_WARN_UNGUARDED_AVAILABILITY = YES_AGGRESSIVE;
				CLANG_WARN_UNREACHABLE_CODE = YES;
				CLANG_WARN__DUPLICATE_METHOD_MATCH = YES;
				COPY_PHASE_STRIP = NO;
				CURRENT_PROJECT_VERSION = 1;
				DEBUG_INFORMATION_FORMAT = "dwarf-with-dsym";
				ENABLE_NS_ASSERTIONS = NO;
				ENABLE_STRICT_OBJC_MSGSEND = YES;
				ENABLE_USER_SCRIPT_SANDBOXING = YES;
				GCC_C_LANGUAGE_STANDARD = gnu17;
				GCC_NO_COMMON_BLOCKS = YES;
				GCC_WARN_64_TO_32_BIT_CONVERSION = YES;
				GCC_WARN_ABOUT_RETURN_TYPE = YES_ERROR;
				GCC_WARN_UNDECLARED_SELECTOR = YES;
				GCC_WARN_UNINITIALIZED_AUTOS = YES_AGGRESSIVE;
				GCC_WARN_UNUSED_FUNCTION = YES;
				GCC_WARN_UNUSED_VARIABLE = YES;
				IPHONEOS_DEPLOYMENT_TARGET = 18.2;
				LOCALIZATION_PREFERS_STRING_CATALOGS = YES;
				MTL_ENABLE_DEBUG_INFO = NO;
				MTL_FAST_MATH = YES;
				SDKROOT = iphoneos;
				SWIFT_COMPILATION_MODE = wholemodule;
				VALIDATE_PRODUCT = YES;
			};
			name = Release;
		};
		390C88122DB307BC00FF152F /* Debug */ = {
			isa = XCBuildConfiguration;
			buildSettings = {
				ASSETCATALOG_COMPILER_APPICON_NAME = AppIcon;
				ASSETCATALOG_COMPILER_GLOBAL_ACCENT_COLOR_NAME = AccentColor;
				CODE_SIGN_STYLE = Automatic;
				CURRENT_PROJECT_VERSION = 1;
				DEVELOPMENT_ASSET_PATHS = "\"digital-stethoscope/Preview Content\"";
				ENABLE_PREVIEWS = YES;
				GENERATE_INFOPLIST_FILE = YES;
				INFOPLIST_KEY_UIApplicationSceneManifest_Generation = YES;
				INFOPLIST_KEY_UIApplicationSupportsIndirectInputEvents = YES;
				INFOPLIST_KEY_UILaunchScreen_Generation = YES;
				INFOPLIST_KEY_UISupportedInterfaceOrientations_iPad = "UIInterfaceOrientationPortrait UIInterfaceOrientationPortraitUpsideDown UIInterfaceOrientationLandscapeLeft UIInterfaceOrientationLandscapeRight";
				INFOPLIST_KEY_UISupportedInterfaceOrientations_iPhone = "UIInterfaceOrientationPortrait UIInterfaceOrientationLandscapeLeft UIInterfaceOrientationLandscapeRight";
				LD_RUNPATH_SEARCH_PATHS = (
					"$(inherited)",
					"@executable_path/Frameworks",
				);
				MARKETING_VERSION = 1.0;
				"OTHER_LDFLAGS[arch=*]" = "-ObjC";
				PRODUCT_BUNDLE_IDENTIFIER = "ucsd-cse-237d.digital-stethoscope";
				PRODUCT_NAME = "$(TARGET_NAME)";
				SWIFT_EMIT_LOC_STRINGS = YES;
				SWIFT_VERSION = 5.0;
				TARGETED_DEVICE_FAMILY = "1,2";
			};
			name = Debug;
		};
		390C88132DB307BC00FF152F /* Release */ = {
			isa = XCBuildConfiguration;
			buildSettings = {
				ASSETCATALOG_COMPILER_APPICON_NAME = AppIcon;
				ASSETCATALOG_COMPILER_GLOBAL_ACCENT_COLOR_NAME = AccentColor;
				CODE_SIGN_STYLE = Automatic;
				CURRENT_PROJECT_VERSION = 1;
				DEVELOPMENT_ASSET_PATHS = "\"digital-stethoscope/Preview Content\"";
				ENABLE_PREVIEWS = YES;
				GENERATE_INFOPLIST_FILE = YES;
				INFOPLIST_KEY_UIApplicationSceneManifest_Generation = YES;
				INFOPLIST_KEY_UIApplicationSupportsIndirectInputEvents = YES;
				INFOPLIST_KEY_UILaunchScreen_Generation = YES;
				INFOPLIST_KEY_UISupportedInterfaceOrientations_iPad = "UIInterfaceOrientationPortrait UIInterfaceOrientationPortraitUpsideDown UIInterfaceOrientationLandscapeLeft UIInterfaceOrientationLandscapeRight";
				INFOPLIST_KEY_UISupportedInterfaceOrientations_iPhone = "UIInterfaceOrientationPortrait UIInterfaceOrientationLandscapeLeft UIInterfaceOrientationLandscapeRight";
				LD_RUNPATH_SEARCH_PATHS = (
					"$(inherited)",
					"@executable_path/Frameworks",
				);
				MARKETING_VERSION = 1.0;
				"OTHER_LDFLAGS[arch=*]" = "-ObjC";
				PRODUCT_BUNDLE_IDENTIFIER = "ucsd-cse-237d.digital-stethoscope";
				PRODUCT_NAME = "$(TARGET_NAME)";
				SWIFT_EMIT_LOC_STRINGS = YES;
				SWIFT_VERSION = 5.0;
				TARGETED_DEVICE_FAMILY = "1,2";
			};
			name = Release;
		};
		390C88152DB307BC00FF152F /* Debug */ = {
			isa = XCBuildConfiguration;
			buildSettings = {
				BUNDLE_LOADER = "$(TEST_HOST)";
				CODE_SIGN_STYLE = Automatic;
				CURRENT_PROJECT_VERSION = 1;
				GENERATE_INFOPLIST_FILE = YES;
				IPHONEOS_DEPLOYMENT_TARGET = 18.2;
				MARKETING_VERSION = 1.0;
				PRODUCT_BUNDLE_IDENTIFIER = "ucsd-cse-237d.digital-stethoscopeTests";
				PRODUCT_NAME = "$(TARGET_NAME)";
				SWIFT_EMIT_LOC_STRINGS = NO;
				SWIFT_VERSION = 5.0;
				TARGETED_DEVICE_FAMILY = "1,2";
				TEST_HOST = "$(BUILT_PRODUCTS_DIR)/digital-stethoscope.app/$(BUNDLE_EXECUTABLE_FOLDER_PATH)/digital-stethoscope";
			};
			name = Debug;
		};
		390C88162DB307BC00FF152F /* Release */ = {
			isa = XCBuildConfiguration;
			buildSettings = {
				BUNDLE_LOADER = "$(TEST_HOST)";
				CODE_SIGN_STYLE = Automatic;
				CURRENT_PROJECT_VERSION = 1;
				GENERATE_INFOPLIST_FILE = YES;
				IPHONEOS_DEPLOYMENT_TARGET = 18.2;
				MARKETING_VERSION = 1.0;
				PRODUCT_BUNDLE_IDENTIFIER = "ucsd-cse-237d.digital-stethoscopeTests";
				PRODUCT_NAME = "$(TARGET_NAME)";
				SWIFT_EMIT_LOC_STRINGS = NO;
				SWIFT_VERSION = 5.0;
				TARGETED_DEVICE_FAMILY = "1,2";
				TEST_HOST = "$(BUILT_PRODUCTS_DIR)/digital-stethoscope.app/$(BUNDLE_EXECUTABLE_FOLDER_PATH)/digital-stethoscope";
			};
			name = Release;
		};
		390C88182DB307BC00FF152F /* Debug */ = {
			isa = XCBuildConfiguration;
			buildSettings = {
				CODE_SIGN_STYLE = Automatic;
				CURRENT_PROJECT_VERSION = 1;
				GENERATE_INFOPLIST_FILE = YES;
				MARKETING_VERSION = 1.0;
				PRODUCT_BUNDLE_IDENTIFIER = "ucsd-cse-237d.digital-stethoscopeUITests";
				PRODUCT_NAME = "$(TARGET_NAME)";
				SWIFT_EMIT_LOC_STRINGS = NO;
				SWIFT_VERSION = 5.0;
				TARGETED_DEVICE_FAMILY = "1,2";
				TEST_TARGET_NAME = "digital-stethoscope";
			};
			name = Debug;
		};
		390C88192DB307BC00FF152F /* Release */ = {
			isa = XCBuildConfiguration;
			buildSettings = {
				CODE_SIGN_STYLE = Automatic;
				CURRENT_PROJECT_VERSION = 1;
				GENERATE_INFOPLIST_FILE = YES;
				MARKETING_VERSION = 1.0;
				PRODUCT_BUNDLE_IDENTIFIER = "ucsd-cse-237d.digital-stethoscopeUITests";
				PRODUCT_NAME = "$(TARGET_NAME)";
				SWIFT_EMIT_LOC_STRINGS = NO;
				SWIFT_VERSION = 5.0;
				TARGETED_DEVICE_FAMILY = "1,2";
				TEST_TARGET_NAME = "digital-stethoscope";
			};
			name = Release;
		};
/* End XCBuildConfiguration section */

/* Begin XCConfigurationList section */
		390C87E82DB307BB00FF152F /* Build configuration list for PBXProject "digital-stethoscope" */ = {
			isa = XCConfigurationList;
			buildConfigurations = (
				390C880F2DB307BC00FF152F /* Debug */,
				390C88102DB307BC00FF152F /* Release */,
			);
			defaultConfigurationIsVisible = 0;
			defaultConfigurationName = Release;
		};
		390C88112DB307BC00FF152F /* Build configuration list for PBXNativeTarget "digital-stethoscope" */ = {
			isa = XCConfigurationList;
			buildConfigurations = (
				390C88122DB307BC00FF152F /* Debug */,
				390C88132DB307BC00FF152F /* Release */,
			);
			defaultConfigurationIsVisible = 0;
			defaultConfigurationName = Release;
		};
		390C88142DB307BC00FF152F /* Build configuration list for PBXNativeTarget "digital-stethoscopeTests" */ = {
			isa = XCConfigurationList;
			buildConfigurations = (
				390C88152DB307BC00FF152F /* Debug */,
				390C88162DB307BC00FF152F /* Release */,
			);
			defaultConfigurationIsVisible = 0;
			defaultConfigurationName = Release;
		};
		390C88172DB307BC00FF152F /* Build configuration list for PBXNativeTarget "digital-stethoscopeUITests" */ = {
			isa = XCConfigurationList;
			buildConfigurations = (
				390C88182DB307BC00FF152F /* Debug */,
				390C88192DB307BC00FF152F /* Release */,
			);
			defaultConfigurationIsVisible = 0;
			defaultConfigurationName = Release;
		};
/* End XCConfigurationList section */

/* Begin XCRemoteSwiftPackageReference section */
		39DB97302DC4245E00C4B187 /* XCRemoteSwiftPackageReference "firebase-ios-sdk" */ = {
			isa = XCRemoteSwiftPackageReference;
			repositoryURL = "https://github.com/firebase/firebase-ios-sdk.git";
			requirement = {
				kind = upToNextMajorVersion;
				minimumVersion = 11.12.0;
			};
		};
/* End XCRemoteSwiftPackageReference section */

/* Begin XCSwiftPackageProductDependency section */
		39DB97312DC4245E00C4B187 /* FirebaseAuth */ = {
			isa = XCSwiftPackageProductDependency;
			package = 39DB97302DC4245E00C4B187 /* XCRemoteSwiftPackageReference "firebase-ios-sdk" */;
			productName = FirebaseAuth;
		};
		39DB97332DC4245E00C4B187 /* FirebaseFirestore */ = {
			isa = XCSwiftPackageProductDependency;
			package = 39DB97302DC4245E00C4B187 /* XCRemoteSwiftPackageReference "firebase-ios-sdk" */;
			productName = FirebaseFirestore;
		};
		39DB97352DC4245E00C4B187 /* FirebaseStorage */ = {
			isa = XCSwiftPackageProductDependency;
			package = 39DB97302DC4245E00C4B187 /* XCRemoteSwiftPackageReference "firebase-ios-sdk" */;
			productName = FirebaseStorage;
		};
/* End XCSwiftPackageProductDependency section */
	};
	rootObject = 390C87E52DB307BB00FF152F /* Project object */;
}
